
Microsoft Visual Studio Solution File, Format Version 12.00
# Visual Studio 2013
VisualStudioVersion = 12.0.31101.0
MinimumVisualStudioVersion = 10.0.40219.1
Project("{FAE04EC0-301F-11D3-BF4B-00C04F79EFBC}") = "AzureStorageLib", "AzureStorageLib\AzureStorageLib.csproj", "{A54BBE45-58BD-4ABC-AFC2-1027F3DEC26A}"
EndProject
Project("{CC5FD16D-436D-48AD-A40C-5A424C6E3E79}") = "CloudStorageRoleService", "CloudStorageRoleService\CloudStorageRoleService.ccproj", "{19C89599-4F91-456F-90F1-7D69D1D2D02C}"
EndProject
Project("{FAE04EC0-301F-11D3-BF4B-00C04F79EFBC}") = "StorageRoleService", "StorageRoleService\StorageRoleService.csproj", "{488010AA-AB92-4670-9D14-D666C1E7FCCE}"
EndProject
Global
	GlobalSection(SolutionConfigurationPlatforms) = preSolution
		Debug|Any CPU = Debug|Any CPU
		Release|Any CPU = Release|Any CPU
	EndGlobalSection
	GlobalSection(ProjectConfigurationPlatforms) = postSolution
		{A54BBE45-58BD-4ABC-AFC2-1027F3DEC26A}.Debug|Any CPU.ActiveCfg = Debug|Any CPU
		{A54BBE45-58BD-4ABC-AFC2-1027F3DEC26A}.Debug|Any CPU.Build.0 = Debug|Any CPU
		{A54BBE45-58BD-4ABC-AFC2-1027F3DEC26A}.Release|Any CPU.ActiveCfg = Release|Any CPU
		{A54BBE45-58BD-4ABC-AFC2-1027F3DEC26A}.Release|Any CPU.Build.0 = Release|Any CPU
		{19C89599-4F91-456F-90F1-7D69D1D2D02C}.Debug|Any CPU.ActiveCfg = Debug|Any CPU
		{19C89599-4F91-456F-90F1-7D69D1D2D02C}.Debug|Any CPU.Build.0 = Debug|Any CPU
		{19C89599-4F91-456F-90F1-7D69D1D2D02C}.Release|Any CPU.ActiveCfg = Release|Any CPU
		{19C89599-4F91-456F-90F1-7D69D1D2D02C}.Release|Any CPU.Build.0 = Release|Any CPU
		{488010AA-AB92-4670-9D14-D666C1E7FCCE}.Debug|Any CPU.ActiveCfg = Debug|Any CPU
		{488010AA-AB92-4670-9D14-D666C1E7FCCE}.Debug|Any CPU.Build.0 = Debug|Any CPU
		{488010AA-AB92-4670-9D14-D666C1E7FCCE}.Release|Any CPU.ActiveCfg = Release|Any CPU
		{488010AA-AB92-4670-9D14-D666C1E7FCCE}.Release|Any CPU.Build.0 = Release|Any CPU
	EndGlobalSection
	GlobalSection(SolutionProperties) = preSolution
		HideSolutionNode = FALSE
	EndGlobalSection
EndGlobal
